
Microsoft Visual Studio Solution File, Format Version 12.00
# Visual Studio Version 17
VisualStudioVersion = 17.7.34024.191
MinimumVisualStudioVersion = 10.0.40219.1
Project("{FAE04EC0-301F-11D3-BF4B-00C04F79EFBC}") = "FoodShop-SWP", "FoodShop-SWP\FoodShop-SWP.csproj", "{9D1E12EB-6487-4357-A9F1-E7C33DDF304E}"
EndProject
Global
	GlobalSection(SolutionConfigurationPlatforms) = preSolution
		Debug|Any CPU = Debug|Any CPU
		Release|Any CPU = Release|Any CPU
	EndGlobalSection
	GlobalSection(ProjectConfigurationPlatforms) = postSolution
		{9D1E12EB-6487-4357-A9F1-E7C33DDF304E}.Debug|Any CPU.ActiveCfg = Debug|Any CPU
		{9D1E12EB-6487-4357-A9F1-E7C33DDF304E}.Debug|Any CPU.Build.0 = Debug|Any CPU
		{9D1E12EB-6487-4357-A9F1-E7C33DDF304E}.Release|Any CPU.ActiveCfg = Release|Any CPU
		{9D1E12EB-6487-4357-A9F1-E7C33DDF304E}.Release|Any CPU.Build.0 = Release|Any CPU
	EndGlobalSection
	GlobalSection(SolutionProperties) = preSolution
		HideSolutionNode = FALSE
	EndGlobalSection
	GlobalSection(ExtensibilityGlobals) = postSolution
		SolutionGuid = {E9337F52-77A7-4466-99C4-D748B850F1D3}
	EndGlobalSection
EndGlobal
